
Microsoft Visual Studio Solution File, Format Version 12.00
# Visual Studio Version 17
VisualStudioVersion = 17.4.33110.190
MinimumVisualStudioVersion = 10.0.40219.1
Project("{FAE04EC0-301F-11D3-BF4B-00C04F79EFBC}") = "ShopVasileva", "ShopVasileva\ShopVasileva.csproj", "{23AFCDE9-AEF5-4281-AB6B-8457C16A5445}"
EndProject
Global
	GlobalSection(SolutionConfigurationPlatforms) = preSolution
		Debug|Any CPU = Debug|Any CPU
		Release|Any CPU = Release|Any CPU
	EndGlobalSection
	GlobalSection(ProjectConfigurationPlatforms) = postSolution
		{23AFCDE9-AEF5-4281-AB6B-8457C16A5445}.Debug|Any CPU.ActiveCfg = Debug|Any CPU
		{23AFCDE9-AEF5-4281-AB6B-8457C16A5445}.Debug|Any CPU.Build.0 = Debug|Any CPU
		{23AFCDE9-AEF5-4281-AB6B-8457C16A5445}.Release|Any CPU.ActiveCfg = Release|Any CPU
		{23AFCDE9-AEF5-4281-AB6B-8457C16A5445}.Release|Any CPU.Build.0 = Release|Any CPU
	EndGlobalSection
	GlobalSection(SolutionProperties) = preSolution
		HideSolutionNode = FALSE
	EndGlobalSection
	GlobalSection(ExtensibilityGlobals) = postSolution
		SolutionGuid = {2A9A1784-2BE2-4815-AFA1-CF469A9B85B2}
	EndGlobalSection
EndGlobal
